// !$*UTF8*$!
{
	archiveVersion = 1;
	classes = {
	};
	objectVersion = 46;
	objects = {

/* Begin PBXBuildFile section */
		385A8A9C1D43926400F0B0AE /* main.m in Sources */ = {isa = PBXBuildFile; fileRef = 385A8A9B1D43926400F0B0AE /* main.m */; };
		385A8A9F1D43926400F0B0AE /* AppDelegate.m in Sources */ = {isa = PBXBuildFile; fileRef = 385A8A9E1D43926400F0B0AE /* AppDelegate.m */; };
		385A8AA21D43926400F0B0AE /* ViewController.m in Sources */ = {isa = PBXBuildFile; fileRef = 385A8AA11D43926400F0B0AE /* ViewController.m */; };
		385A8AA51D43926400F0B0AE /* Main.storyboard in Resources */ = {isa = PBXBuildFile; fileRef = 385A8AA31D43926400F0B0AE /* Main.storyboard */; };
		385A8AA71D43926400F0B0AE /* Assets.xcassets in Resources */ = {isa = PBXBuildFile; fileRef = 385A8AA61D43926400F0B0AE /* Assets.xcassets */; };
		385A8AAA1D43926400F0B0AE /* LaunchScreen.storyboard in Resources */ = {isa = PBXBuildFile; fileRef = 385A8AA81D43926400F0B0AE /* LaunchScreen.storyboard */; };
		385A8AB31D4392B500F0B0AE /* 1.m in Sources */ = {isa = PBXBuildFile; fileRef = 385A8AB21D4392B500F0B0AE /* 1.m */; };
/* End PBXBuildFile section */

/* Begin PBXFileReference section */
		385A8A971D43926400F0B0AE /* 7.23CADisDisPlayLink定时器.app */ = {isa = PBXFileReference; explicitFileType = wrapper.application; includeInIndex = 0; path = "7.23CADisDisPlayLink定时器.app"; sourceTree = BUILT_PRODUCTS_DIR; };
		385A8A9B1D43926400F0B0AE /* main.m */ = {isa = PBXFileReference; lastKnownFileType = sourcecode.c.objc; path = main.m; sourceTree = "<group>"; };
		385A8A9D1D43926400F0B0AE /* AppDelegate.h */ = {isa = PBXFileReference; lastKnownFileType = sourcecode.c.h; path = AppDelegate.h; sourceTree = "<group>"; };
		385A8A9E1D43926400F0B0AE /* AppDelegate.m */ = {isa = PBXFileReference; lastKnownFileType = sourcecode.c.objc; path = AppDelegate.m; sourceTree = "<group>"; };
		385A8AA01D43926400F0B0AE /* ViewController.h */ = {isa = PBXFileReference; lastKnownFileType = sourcecode.c.h; path = ViewController.h; sourceTree = "<group>"; };
		385A8AA11D43926400F0B0AE /* ViewController.m */ = {isa = PBXFileReference; lastKnownFileType = sourcecode.c.objc; path = ViewController.m; sourceTree = "<group>"; };
		385A8AA41D43926400F0B0AE /* Base */ = {isa = PBXFileReference; lastKnownFileType = file.storyboard; name = Base; path = Base.lproj/Main.storyboard; sourceTree = "<group>"; };
		385A8AA61D43926400F0B0AE /* Assets.xcassets */ = {isa = PBXFileReference; lastKnownFileType = folder.assetcatalog; path = Assets.xcassets; sourceTree = "<group>"; };
		385A8AA91D43926400F0B0AE /* Base */ = {isa = PBXFileReference; lastKnownFileType = file.storyboard; name = Base; path = Base.lproj/LaunchScreen.storyboard; sourceTree = "<group>"; };
		385A8AAB1D43926400F0B0AE /* Info.plist */ = {isa = PBXFileReference; lastKnownFileType = text.plist.xml; path = Info.plist; sourceTree = "<group>"; };
		385A8AB11D4392B500F0B0AE /* XMGVcView.h */ = {isa = PBXFileReference; fileEncoding = 4; lastKnownFileType = sourcecode.c.h; path = XMGVcView.h; sourceTree = "<group>"; };
		385A8AB21D4392B500F0B0AE /* 1.m */ = {isa = PBXFileReference; fileEncoding = 4; lastKnownFileType = sourcecode.c.objc; path = 1.m; sourceTree = "<group>"; };
/* End PBXFileReference section */

/* Begin PBXFrameworksBuildPhase section */
		385A8A941D43926400F0B0AE /* Frameworks */ = {
			isa = PBXFrameworksBuildPhase;
			buildActionMask = 2147483647;
			files = (
			);
			runOnlyForDeploymentPostprocessing = 0;
		};
/* End PBXFrameworksBuildPhase section */

/* Begin PBXGroup section */
		385A8A8E1D43926400F0B0AE = {
			isa = PBXGroup;
			children = (
				385A8A991D43926400F0B0AE /* 7.23CADisDisPlayLink定时器 */,
				385A8A981D43926400F0B0AE /* Products */,
			);
			sourceTree = "<group>";
		};
		385A8A981D43926400F0B0AE /* Products */ = {
			isa = PBXGroup;
			children = (
				385A8A971D43926400F0B0AE /* 7.23CADisDisPlayLink定时器.app */,
			);
			name = Products;
			sourceTree = "<group>";
		};
		385A8A991D43926400F0B0AE /* 7.23CADisDisPlayLink定时器 */ = {
			isa = PBXGroup;
			children = (
				385A8A9D1D43926400F0B0AE /* AppDelegate.h */,
				385A8A9E1D43926400F0B0AE /* AppDelegate.m */,
				385A8AA01D43926400F0B0AE /* ViewController.h */,
				385A8AA11D43926400F0B0AE /* ViewController.m */,
				385A8AA31D43926400F0B0AE /* Main.storyboard */,
				385A8AB11D4392B500F0B0AE /* XMGVcView.h */,
				385A8AB21D4392B500F0B0AE /* 1.m */,
				385A8AA61D43926400F0B0AE /* Assets.xcassets */,
				385A8AA81D43926400F0B0AE /* LaunchScreen.storyboard */,
				385A8AAB1D43926400F0B0AE /* Info.plist */,
				385A8A9A1D43926400F0B0AE /* Supporting Files */,
			);
			path = "7.23CADisDisPlayLink定时器";
			sourceTree = "<group>";
		};
		385A8A9A1D43926400F0B0AE /* Supporting Files */ = {
			isa = PBXGroup;
			children = (
				385A8A9B1D43926400F0B0AE /* main.m */,
			);
			name = "Supporting Files";
			sourceTree = "<group>";
		};
/* End PBXGroup section */

/* Begin PBXNativeTarget section */
		385A8A961D43926400F0B0AE /* 7.23CADisDisPlayLink定时器 */ = {
			isa = PBXNativeTarget;
			buildConfigurationList = 385A8AAE1D43926400F0B0AE /* Build configuration list for PBXNativeTarget "7.23CADisDisPlayLink定时器" */;
			buildPhases = (
				385A8A931D43926400F0B0AE /* Sources */,
				385A8A941D43926400F0B0AE /* Frameworks */,
				385A8A951D43926400F0B0AE /* Resources */,
			);
			buildRules = (
			);
			dependencies = (
			);
			name = "7.23CADisDisPlayLink定时器";
			productName = "7.23CADisDisPlayLink定时器";
			productReference = 385A8A971D43926400F0B0AE /* 7.23CADisDisPlayLink定时器.app */;
			productType = "com.apple.product-type.application";
		};
/* End PBXNativeTarget section */

/* Begin PBXProject section */
		385A8A8F1D43926400F0B0AE /* Project object */ = {
			isa = PBXProject;
			attributes = {
				LastUpgradeCheck = 0730;
				ORGANIZATIONNAME = "谭伟";
				TargetAttributes = {
					385A8A961D43926400F0B0AE = {
						CreatedOnToolsVersion = 7.3.1;
					};
				};
			};
			buildConfigurationList = 385A8A921D43926400F0B0AE /* Build configuration list for PBXProject "7.23CADisDisPlayLink定时器" */;
			compatibilityVersion = "Xcode 3.2";
			developmentRegion = English;
			hasScannedForEncodings = 0;
			knownRegions = (
				en,
				Base,
			);
			mainGroup = 385A8A8E1D43926400F0B0AE;
			productRefGroup = 385A8A981D43926400F0B0AE /* Products */;
			projectDirPath = "";
			projectRoot = "";
			targets = (
				385A8A961D43926400F0B0AE /* 7.23CADisDisPlayLink定时器 */,
			);
		};
/* End PBXProject section */

/* Begin PBXResourcesBuildPhase section */
		385A8A951D43926400F0B0AE /* Resources */ = {
			isa = PBXResourcesBuildPhase;
			buildActionMask = 2147483647;
			files = (
				385A8AAA1D43926400F0B0AE /* LaunchScreen.storyboard in Resources */,
				385A8AA71D43926400F0B0AE /* Assets.xcassets in Resources */,
				385A8AA51D43926400F0B0AE /* Main.storyboard in Resources */,
			);
			runOnlyForDeploymentPostprocessing = 0;
		};
/* End PBXResourcesBuildPhase section */

/* Begin PBXSourcesBuildPhase section */
		385A8A931D43926400F0B0AE /* Sources */ = {
			isa = PBXSourcesBuildPhase;
			buildActionMask = 2147483647;
			files = (
				385A8AA21D43926400F0B0AE /* ViewController.m in Sources */,
				385A8A9F1D43926400F0B0AE /* AppDelegate.m in Sources */,
				385A8AB31D4392B500F0B0AE /* 1.m in Sources */,
				385A8A9C1D43926400F0B0AE /* main.m in Sources */,
			);
			runOnlyForDeploymentPostprocessing = 0;
		};
/* End PBXSourcesBuildPhase section */

/* Begin PBXVariantGroup section */
		385A8AA31D43926400F0B0AE /* Main.storyboard */ = {
			isa = PBXVariantGroup;
			children = (
				385A8AA41D43926400F0B0AE /* Base */,
			);
			name = Main.storyboard;
			sourceTree = "<group>";
		};
		385A8AA81D43926400F0B0AE /* LaunchScreen.storyboard */ = {
			isa = PBXVariantGroup;
			children = (
				385A8AA91D43926400F0B0AE /* Base */,
			);
			name = LaunchScreen.storyboard;
			sourceTree = "<group>";
		};
/* End PBXVariantGroup section */

/* Begin XCBuildConfiguration section */
		385A8AAC1D43926400F0B0AE /* Debug */ = {
			isa = XCBuildConfiguration;
			buildSettings = {
				ALWAYS_SEARCH_USER_PATHS = NO;
				CLANG_ANALYZER_NONNULL = YES;
				CLANG_CXX_LANGUAGE_STANDARD = "gnu++0x";
				CLANG_CXX_LIBRARY = "libc++";
				CLANG_ENABLE_MODULES = YES;
				CLANG_ENABLE_OBJC_ARC = YES;
				CLANG_WARN_BOOL_CONVERSION = YES;
				CLANG_WARN_CONSTANT_CONVERSION = YES;
				CLANG_WARN_DIRECT_OBJC_ISA_USAGE = YES_ERROR;
				CLANG_WARN_EMPTY_BODY = YES;
				CLANG_WARN_ENUM_CONVERSION = YES;
				CLANG_WARN_INT_CONVERSION = YES;
				CLANG_WARN_OBJC_ROOT_CLASS = YES_ERROR;
				CLANG_WARN_UNREACHABLE_CODE = YES;
				CLANG_WARN__DUPLICATE_METHOD_MATCH = YES;
				"CODE_SIGN_IDENTITY[sdk=iphoneos*]" = "iPhone Developer";
				COPY_PHASE_STRIP = NO;
				DEBUG_INFORMATION_FORMAT = dwarf;
				ENABLE_STRICT_OBJC_MSGSEND = YES;
				ENABLE_TESTABILITY = YES;
				GCC_C_LANGUAGE_STANDARD = gnu99;
				GCC_DYNAMIC_NO_PIC = NO;
				GCC_NO_COMMON_BLOCKS = YES;
				GCC_OPTIMIZATION_LEVEL = 0;
				GCC_PREPROCESSOR_DEFINITIONS = (
					"DEBUG=1",
					"$(inherited)",
				);
				GCC_WARN_64_TO_32_BIT_CONVERSION = YES;
				GCC_WARN_ABOUT_RETURN_TYPE = YES_ERROR;
				GCC_WARN_UNDECLARED_SELECTOR = YES;
				GCC_WARN_UNINITIALIZED_AUTOS = YES_AGGRESSIVE;
				GCC_WARN_UNUSED_FUNCTION = YES;
				GCC_WARN_UNUSED_VARIABLE = YES;
				IPHONEOS_DEPLOYMENT_TARGET = 9.3;
				MTL_ENABLE_DEBUG_INFO = YES;
				ONLY_ACTIVE_ARCH = YES;
				SDKROOT = iphoneos;
			};
			name = Debug;
		};
		385A8AAD1D43926400F0B0AE /* Release */ = {
			isa = XCBuildConfiguration;
			buildSettings = {
				ALWAYS_SEARCH_USER_PATHS = NO;
				CLANG_ANALYZER_NONNULL = YES;
				CLANG_CXX_LANGUAGE_STANDARD = "gnu++0x";
				CLANG_CXX_LIBRARY = "libc++";
				CLANG_ENABLE_MODULES = YES;
				CLANG_ENABLE_OBJC_ARC = YES;
				CLANG_WARN_BOOL_CONVERSION = YES;
				CLANG_WARN_CONSTANT_CONVERSION = YES;
				CLANG_WARN_DIRECT_OBJC_ISA_USAGE = YES_ERROR;
				CLANG_WARN_EMPTY_BODY = YES;
				CLANG_WARN_ENUM_CONVERSION = YES;
				CLANG_WARN_INT_CONVERSION = YES;
				CLANG_WARN_OBJC_ROOT_CLASS = YES_ERROR;
				CLANG_WARN_UNREACHABLE_CODE = YES;
				CLANG_WARN__DUPLICATE_METHOD_MATCH = YES;
				"CODE_SIGN_IDENTITY[sdk=iphoneos*]" = "iPhone Developer";
				COPY_PHASE_STRIP = NO;
				DEBUG_INFORMATION_FORMAT = "dwarf-with-dsym";
				ENABLE_NS_ASSERTIONS = NO;
				ENABLE_STRICT_OBJC_MSGSEND = YES;
				GCC_C_LANGUAGE_STANDARD = gnu99;
				GCC_NO_COMMON_BLOCKS = YES;
				GCC_WARN_64_TO_32_BIT_CONVERSION = YES;
				GCC_WARN_ABOUT_RETURN_TYPE = YES_ERROR;
				GCC_WARN_UNDECLARED_SELECTOR = YES;
				GCC_WARN_UNINITIALIZED_AUTOS = YES_AGGRESSIVE;
				GCC_WARN_UNUSED_FUNCTION = YES;
				GCC_WARN_UNUSED_VARIABLE = YES;
				IPHONEOS_DEPLOYMENT_TARGET = 9.3;
				MTL_ENABLE_DEBUG_INFO = NO;
				SDKROOT = iphoneos;
				VALIDATE_PRODUCT = YES;
			};
			name = Release;
		};
		385A8AAF1D43926400F0B0AE /* Debug */ = {
			isa = XCBuildConfiguration;
			buildSettings = {
				ASSETCATALOG_COMPILER_APPICON_NAME = AppIcon;
				INFOPLIST_FILE = "7.23CADisDisPlayLink定时器/Info.plist";
				LD_RUNPATH_SEARCH_PATHS = "$(inherited) @executable_path/Frameworks";
				PRODUCT_BUNDLE_IDENTIFIER = "com.eleven.--23CADisDisPlayLink---";
				PRODUCT_NAME = "$(TARGET_NAME)";
			};
			name = Debug;
		};
		385A8AB01D43926400F0B0AE /* Release */ = {
			isa = XCBuildConfiguration;
			buildSettings = {
				ASSETCATALOG_COMPILER_APPICON_NAME = AppIcon;
				INFOPLIST_FILE = "7.23CADisDisPlayLink定时器/Info.plist";
				LD_RUNPATH_SEARCH_PATHS = "$(inherited) @executable_path/Frameworks";
				PRODUCT_BUNDLE_IDENTIFIER = "com.eleven.--23CADisDisPlayLink---";
				PRODUCT_NAME = "$(TARGET_NAME)";
			};
			name = Release;
		};
/* End XCBuildConfiguration section */

/* Begin XCConfigurationList section */
		385A8A921D43926400F0B0AE /* Build configuration list for PBXProject "7.23CADisDisPlayLink定时器" */ = {
			isa = XCConfigurationList;
			buildConfigurations = (
				385A8AAC1D43926400F0B0AE /* Debug */,
				385A8AAD1D43926400F0B0AE /* Release */,
			);
			defaultConfigurationIsVisible = 0;
			defaultConfigurationName = Release;
		};
		385A8AAE1D43926400F0B0AE /* Build configuration list for PBXNativeTarget "7.23CADisDisPlayLink定时器" */ = {
			isa = XCConfigurationList;
			buildConfigurations = (
				385A8AAF1D43926400F0B0AE /* Debug */,
				385A8AB01D43926400F0B0AE /* Release */,
			);
			defaultConfigurationIsVisible = 0;
			defaultConfigurationName = Release;
		};
/* End XCConfigurationList section */
	};
	rootObject = 385A8A8F1D43926400F0B0AE /* Project object */;
}
